PODS:
  - av_player_macos (0.2.0-beta.1):
    - FlutterMacOS
  - FlutterMacOS (1.0.0)

DEPENDENCIES:
  - av_player_macos (from `Flutter/ephemeral/.symlinks/plugins/av_player_macos/macos`)
  - FlutterMacOS (from `Flutter/ephemeral`)

EXTERNAL SOURCES:
  av_player_macos:
    :path: Flutter/ephemeral/.symlinks/plugins/av_player_macos/macos
  FlutterMacOS:
    :path: Flutter/ephemeral

SPEC CHECKSUMS:
  av_player_macos: f701dc7226d73165a1854c84478fa32fddcf6b17
  FlutterMacOS: d0db08ddef1a9af05a5ec4b724367152bb0500b1

PODFILE CHECKSUM: 505596d150d38022472859d890f709281982e016

COCOAPODS: 1.16.2
